# THIS IS AN AUTOGENERATED FILE. DO NOT EDIT THIS FILE DIRECTLY.
# yarn lockfile v1


"@types/google-apps-script@^1.0.79":
  version "1.0.79"
  resolved "https://registry.yarnpkg.com/@types/google-apps-script/-/google-apps-script-1.0.79.tgz#4e510504659fc774aa2d8f6800605e9001cef9d5"
  integrity sha512-yXxlfBbIecRZnC2ZkoMdfsqtn5hszR5BnnC/yPFEDGtrW5c1KyUTHctoHKmvOUV6wlZlSlornzL83B/bBWlO6A==

typescript@^5.3.3:
  version "5.3.3"
  resolved "https://registry.yarnpkg.com/typescript/-/typescript-5.3.3.tgz#b3ce6ba258e72e6305ba66f5c9b452aaee3ffe37"
  integrity sha512-pXWcraxM0uxAS+tN0AG/BF2TyqmHO014Z070UsJ+pFvYuRSq8KH8DmWpnbXe0pEPDHXZV3FcAbJkijJ5oNEnWw==
